
Microsoft Visual Studio Solution File, Format Version 12.00
# Visual Studio 2013
VisualStudioVersion = 12.0.40629.0
MinimumVisualStudioVersion = 10.0.40219.1
Project("{FAE04EC0-301F-11D3-BF4B-00C04F79EFBC}") = "EShopping", "EShopping\EShopping.csproj", "{8D5FA47E-93A1-41FF-AAB4-853208C75575}"
EndProject
Project("{FAE04EC0-301F-11D3-BF4B-00C04F79EFBC}") = "EShopping.Tests", "EShopping.Tests\EShopping.Tests.csproj", "{B9414C4D-C945-40CC-95A9-45C27997BA67}"
EndProject
Global
	GlobalSection(SolutionConfigurationPlatforms) = preSolution
		Debug|Any CPU = Debug|Any CPU
		Release|Any CPU = Release|Any CPU
	EndGlobalSection
	GlobalSection(ProjectConfigurationPlatforms) = postSolution
		{8D5FA47E-93A1-41FF-AAB4-853208C75575}.Debug|Any CPU.ActiveCfg = Debug|Any CPU
		{8D5FA47E-93A1-41FF-AAB4-853208C75575}.Debug|Any CPU.Build.0 = Debug|Any CPU
		{8D5FA47E-93A1-41FF-AAB4-853208C75575}.Release|Any CPU.ActiveCfg = Release|Any CPU
		{8D5FA47E-93A1-41FF-AAB4-853208C75575}.Release|Any CPU.Build.0 = Release|Any CPU
		{B9414C4D-C945-40CC-95A9-45C27997BA67}.Debug|Any CPU.ActiveCfg = Debug|Any CPU
		{B9414C4D-C945-40CC-95A9-45C27997BA67}.Debug|Any CPU.Build.0 = Debug|Any CPU
		{B9414C4D-C945-40CC-95A9-45C27997BA67}.Release|Any CPU.ActiveCfg = Release|Any CPU
		{B9414C4D-C945-40CC-95A9-45C27997BA67}.Release|Any CPU.Build.0 = Release|Any CPU
	EndGlobalSection
	GlobalSection(SolutionProperties) = preSolution
		HideSolutionNode = FALSE
	EndGlobalSection
EndGlobal
